
Microsoft Visual Studio Solution File, Format Version 12.00
# Visual Studio Version 17
VisualStudioVersion = 17.10.35013.160
MinimumVisualStudioVersion = 10.0.40219.1
Project("{FAE04EC0-301F-11D3-BF4B-00C04F79EFBC}") = "SolarSystem", "SolarSystem\SolarSystem.csproj", "{B90B4EA4-F57D-46DD-BAC3-2FBCDCD8BDFA}"
EndProject
Global
	GlobalSection(SolutionConfigurationPlatforms) = preSolution
		Debug|Any CPU = Debug|Any CPU
		Release|Any CPU = Release|Any CPU
	EndGlobalSection
	GlobalSection(ProjectConfigurationPlatforms) = postSolution
		{B90B4EA4-F57D-46DD-BAC3-2FBCDCD8BDFA}.Debug|Any CPU.ActiveCfg = Debug|Any CPU
		{B90B4EA4-F57D-46DD-BAC3-2FBCDCD8BDFA}.Debug|Any CPU.Build.0 = Debug|Any CPU
		{B90B4EA4-F57D-46DD-BAC3-2FBCDCD8BDFA}.Release|Any CPU.ActiveCfg = Release|Any CPU
		{B90B4EA4-F57D-46DD-BAC3-2FBCDCD8BDFA}.Release|Any CPU.Build.0 = Release|Any CPU
	EndGlobalSection
	GlobalSection(SolutionProperties) = preSolution
		HideSolutionNode = FALSE
	EndGlobalSection
	GlobalSection(ExtensibilityGlobals) = postSolution
		SolutionGuid = {243F47C8-D6A5-4EDC-8776-E2E9BC452968}
	EndGlobalSection
EndGlobal
